
Microsoft Visual Studio Solution File, Format Version 12.00
# Visual Studio 15
VisualStudioVersion = 15.0.27130.2036
MinimumVisualStudioVersion = 10.0.40219.1
Project("{2150E333-8FDC-42A3-9474-1A3956D46DE8}") = "Apresentacao", "Apresentacao", "{3741B45D-0FDA-45D7-8BD8-54AED3E1293C}"
EndProject
Project("{2150E333-8FDC-42A3-9474-1A3956D46DE8}") = "Modelo", "Modelo", "{804A358D-4C1F-416D-8CD1-3583E3D7024E}"
EndProject
Project("{9A19103F-16F7-4668-BE54-9A1E7A4F7556}") = "MesaTH", "Mesa\MesaTH.csproj", "{B31875B5-ED5C-4F19-9B51-7DC20AB7BF86}"
EndProject
Project("{9A19103F-16F7-4668-BE54-9A1E7A4F7556}") = "PkTeste", "PkTeste\PkTeste.csproj", "{387B85DB-B72D-4C0C-8CCC-B3A5FAF1E7DD}"
EndProject
Project("{9A19103F-16F7-4668-BE54-9A1E7A4F7556}") = "DealerTH", "DealerTH\DealerTH.csproj", "{E20A1182-1489-427D-AF18-C84780B97D65}"
EndProject
Project("{9A19103F-16F7-4668-BE54-9A1E7A4F7556}") = "Comum", "Comum\Comum.csproj", "{2F2E712F-76FC-4324-96AE-F3317FAA8C61}"
EndProject
Project("{FAE04EC0-301F-11D3-BF4B-00C04F79EFBC}") = "JogadorTH", "JogadorTH\JogadorTH.csproj", "{7FBB056E-BD6F-4CB2-8B8A-FBD445A70113}"
EndProject
Global
	GlobalSection(SolutionConfigurationPlatforms) = preSolution
		Debug|Any CPU = Debug|Any CPU
		Release|Any CPU = Release|Any CPU
	EndGlobalSection
	GlobalSection(ProjectConfigurationPlatforms) = postSolution
		{B31875B5-ED5C-4F19-9B51-7DC20AB7BF86}.Debug|Any CPU.ActiveCfg = Debug|Any CPU
		{B31875B5-ED5C-4F19-9B51-7DC20AB7BF86}.Debug|Any CPU.Build.0 = Debug|Any CPU
		{B31875B5-ED5C-4F19-9B51-7DC20AB7BF86}.Release|Any CPU.ActiveCfg = Release|Any CPU
		{B31875B5-ED5C-4F19-9B51-7DC20AB7BF86}.Release|Any CPU.Build.0 = Release|Any CPU
		{387B85DB-B72D-4C0C-8CCC-B3A5FAF1E7DD}.Debug|Any CPU.ActiveCfg = Debug|Any CPU
		{387B85DB-B72D-4C0C-8CCC-B3A5FAF1E7DD}.Debug|Any CPU.Build.0 = Debug|Any CPU
		{387B85DB-B72D-4C0C-8CCC-B3A5FAF1E7DD}.Release|Any CPU.ActiveCfg = Release|Any CPU
		{387B85DB-B72D-4C0C-8CCC-B3A5FAF1E7DD}.Release|Any CPU.Build.0 = Release|Any CPU
		{E20A1182-1489-427D-AF18-C84780B97D65}.Debug|Any CPU.ActiveCfg = Debug|Any CPU
		{E20A1182-1489-427D-AF18-C84780B97D65}.Debug|Any CPU.Build.0 = Debug|Any CPU
		{E20A1182-1489-427D-AF18-C84780B97D65}.Release|Any CPU.ActiveCfg = Release|Any CPU
		{E20A1182-1489-427D-AF18-C84780B97D65}.Release|Any CPU.Build.0 = Release|Any CPU
		{2F2E712F-76FC-4324-96AE-F3317FAA8C61}.Debug|Any CPU.ActiveCfg = Debug|Any CPU
		{2F2E712F-76FC-4324-96AE-F3317FAA8C61}.Debug|Any CPU.Build.0 = Debug|Any CPU
		{2F2E712F-76FC-4324-96AE-F3317FAA8C61}.Release|Any CPU.ActiveCfg = Release|Any CPU
		{2F2E712F-76FC-4324-96AE-F3317FAA8C61}.Release|Any CPU.Build.0 = Release|Any CPU
		{7FBB056E-BD6F-4CB2-8B8A-FBD445A70113}.Debug|Any CPU.ActiveCfg = Debug|Any CPU
		{7FBB056E-BD6F-4CB2-8B8A-FBD445A70113}.Debug|Any CPU.Build.0 = Debug|Any CPU
		{7FBB056E-BD6F-4CB2-8B8A-FBD445A70113}.Release|Any CPU.ActiveCfg = Release|Any CPU
		{7FBB056E-BD6F-4CB2-8B8A-FBD445A70113}.Release|Any CPU.Build.0 = Release|Any CPU
	EndGlobalSection
	GlobalSection(SolutionProperties) = preSolution
		HideSolutionNode = FALSE
	EndGlobalSection
	GlobalSection(NestedProjects) = preSolution
		{B31875B5-ED5C-4F19-9B51-7DC20AB7BF86} = {804A358D-4C1F-416D-8CD1-3583E3D7024E}
		{387B85DB-B72D-4C0C-8CCC-B3A5FAF1E7DD} = {3741B45D-0FDA-45D7-8BD8-54AED3E1293C}
		{E20A1182-1489-427D-AF18-C84780B97D65} = {804A358D-4C1F-416D-8CD1-3583E3D7024E}
		{2F2E712F-76FC-4324-96AE-F3317FAA8C61} = {804A358D-4C1F-416D-8CD1-3583E3D7024E}
		{7FBB056E-BD6F-4CB2-8B8A-FBD445A70113} = {804A358D-4C1F-416D-8CD1-3583E3D7024E}
	EndGlobalSection
	GlobalSection(ExtensibilityGlobals) = postSolution
		SolutionGuid = {A5C287A2-BB61-433A-9D79-4FE0D9DD372A}
	EndGlobalSection
EndGlobal
